<?xml version="1.0" encoding="utf-8"?>
<Project ToolsVersion="4.0" xmlns="http://schemas.microsoft.com/developer/msbuild/2003">
  <ItemGroup>
    <Filter Include="源文件">
      <UniqueIdentifier>{4FC737F1-C7A5-4376-A066-2A32D752A2FF}</UniqueIdentifier>
      <Extensions>cpp;c;cc;cxx;def;odl;idl;hpj;bat;asm;asmx</Extensions>
    </Filter>
    <Filter Include="头文件">
      <UniqueIdentifier>{93995380-89BD-4b04-88EB-625FBE52EBFB}</UniqueIdentifier>
      <Extensions>h;hh;hpp;hxx;hm;inl;inc;xsd</Extensions>
    </Filter>
    <Filter Include="资源文件">
      <UniqueIdentifier>{67DA6AB6-F800-4c08-8B7A-83BB121AAD01}</UniqueIdentifier>
      <Extensions>rc;ico;cur;bmp;dlg;rc2;rct;bin;rgs;gif;jpg;jpeg;jpe;resx;tiff;tif;png;wav;mfcribbon-ms</Extensions>
    </Filter>
  </ItemGroup>
  <ItemGroup>
    <ClInclude Include="geometry.h">
      <Filter>头文件</Filter>
    </ClInclude>
    <ClInclude Include="pancy_d3d11_basic.h">
      <Filter>头文件</Filter>
    </ClInclude>
    <ClInclude Include="pancy_time_basic.h">
      <Filter>头文件</Filter>
    </ClInclude>
    <ClInclude Include="PancyCamera.h">
      <Filter>头文件</Filter>
    </ClInclude>
    <ClInclude Include="PancyInput.h">
      <Filter>头文件</Filter>
    </ClInclude>
    <ClInclude Include="shader_pancy.h">
      <Filter>头文件</Filter>
    </ClInclude>
    <ClInclude Include="pancy_model_import.h">
      <Filter>头文件</Filter>
    </ClInclude>
    <ClInclude Include="pancy_scene_design.h">
      <Filter>头文件</Filter>
    </ClInclude>
    <ClInclude Include="engine_shadow.h">
      <Filter>头文件</Filter>
    </ClInclude>
    <ClInclude Include="pancy_DXrenderstate.h">
      <Filter>头文件</Filter>
    </ClInclude>
    <ClInclude Include="pancy_ssao.h">
      <Filter>头文件</Filter>
    </ClInclude>
    <ClInclude Include="pancy_posttreatment.h">
      <Filter>头文件</Filter>
    </ClInclude>
    <ClInclude Include="pancy_lighting.h">
      <Filter>头文件</Filter>
    </ClInclude>
    <ClInclude Include="particle_system.h">
      <Filter>头文件</Filter>
    </ClInclude>
  </ItemGroup>
  <ItemGroup>
    <ClCompile Include="geometry.cpp">
      <Filter>源文件</Filter>
    </ClCompile>
    <ClCompile Include="main.cpp">
      <Filter>源文件</Filter>
    </ClCompile>
    <ClCompile Include="pancy_d3d11_basic.cpp">
      <Filter>源文件</Filter>
    </ClCompile>
    <ClCompile Include="pancy_time_basic.cpp">
      <Filter>源文件</Filter>
    </ClCompile>
    <ClCompile Include="PancyCamera.cpp">
      <Filter>源文件</Filter>
    </ClCompile>
    <ClCompile Include="PancyInput.cpp">
      <Filter>源文件</Filter>
    </ClCompile>
    <ClCompile Include="shader_pancy.cpp">
      <Filter>源文件</Filter>
    </ClCompile>
    <ClCompile Include="pancy_model_import.cpp">
      <Filter>源文件</Filter>
    </ClCompile>
    <ClCompile Include="pancy_scene_design.cpp">
      <Filter>源文件</Filter>
    </ClCompile>
    <ClCompile Include="engine_shadow.cpp">
      <Filter>源文件</Filter>
    </ClCompile>
    <ClCompile Include="pancy_DXrenderstate.cpp">
      <Filter>源文件</Filter>
    </ClCompile>
    <ClCompile Include="pancy_ssao.cpp">
      <Filter>源文件</Filter>
    </ClCompile>
    <ClCompile Include="pancy_posttreatment.cpp">
      <Filter>源文件</Filter>
    </ClCompile>
    <ClCompile Include="pancy_lighting.cpp">
      <Filter>源文件</Filter>
    </ClCompile>
  </ItemGroup>
  <ItemGroup>
    <FxCompile Include="light_pre.fx">
      <Filter>源文件</Filter>
    </FxCompile>
    <FxCompile Include="light_define.fx">
      <Filter>源文件</Filter>
    </FxCompile>
    <FxCompile Include="shadowmap.fx">
      <Filter>源文件</Filter>
    </FxCompile>
    <FxCompile Include="ssao_blur_map.fx">
      <Filter>源文件</Filter>
    </FxCompile>
    <FxCompile Include="ssao_draw_aomap.fx">
      <Filter>源文件</Filter>
    </FxCompile>
    <FxCompile Include="ssao_normaldepth_map.fx">
      <Filter>源文件</Filter>
    </FxCompile>
    <FxCompile Include="light_reflect.fx">
      <Filter>源文件</Filter>
    </FxCompile>
    <FxCompile Include="HDR_average_pass.fx">
      <Filter>源文件</Filter>
    </FxCompile>
    <FxCompile Include="HDR_preblur_pass.fx">
      <Filter>源文件</Filter>
    </FxCompile>
    <FxCompile Include="HDR_blur_pass.fx">
      <Filter>源文件</Filter>
    </FxCompile>
    <FxCompile Include="HDR_final.fx">
      <Filter>源文件</Filter>
    </FxCompile>
    <FxCompile Include="light_defferd_gbuffer.fx">
      <Filter>源文件</Filter>
    </FxCompile>
    <FxCompile Include="light_defferd_darw.fx">
      <Filter>源文件</Filter>
    </FxCompile>
    <FxCompile Include="fire.fx">
      <Filter>源文件</Filter>
    </FxCompile>
  </ItemGroup>
  <ItemGroup>
    <None Include="ClassDiagram.cd" />
    <None Include="ClassDiagram1.cd" />
  </ItemGroup>
</Project>